{
    "_readme": [
        "This file locks the dependencies of your project to a known state",
        "Read more about it at https://getcomposer.org/doc/01-basic-usage.md#composer-lock-the-lock-file",
        "This file is @generated automatically"
    ],
    "content-hash": "530b9925ddcb019642e82f713dada2be",
    "packages": [
        {
            "name": "linkphp/link-orm",
            "version": "dev-master",
            "source": {
                "type": "git",
                "url": "https://github.com/osnote/linkorm.git",
                "reference": "47eee632bdc1fa5a88768d364144d19a7cce0642"
            },
            "dist": {
                "type": "zip",
                "url": "https://api.github.com/repos/osnote/linkorm/zipball/47eee632bdc1fa5a88768d364144d19a7cce0642",
                "reference": "47eee632bdc1fa5a88768d364144d19a7cce0642",
                "shasum": ""
            },
            "require": {
                "php": "^5.3.3 || ^7.0"
            },
            "type": "library",
            "autoload": {
                "psr-4": {
                    "linkphp\\link-orm\\": "src"
                }
            },
            "notification-url": "https://packagist.org/downloads/",
            "license": [
                "GBPL-2.1"
            ],
            "authors": [
                {
                    "name": "latham",
                    "email": "liujun2199@vip.qq.com"
                }
            ],
            "description": "php ORM数据库关系框架 ",
            "keywords": [
                "linkphporm",
                "orm",
                "phporm"
            ],
            "time": "2017-04-20 02:54:53"
        }
    ],
    "packages-dev": [],
    "aliases": [],
    "minimum-stability": "stable",
    "stability-flags": {
        "linkphp/link-orm": 20
    },
    "prefer-stable": false,
    "prefer-lowest": false,
    "platform": [],
    "platform-dev": []
}
